
Microsoft Visual Studio Solution File, Format Version 12.00
# Visual Studio 15
VisualStudioVersion = 15.0.26430.16
MinimumVisualStudioVersion = 10.0.40219.1
Project("{FAE04EC0-301F-11D3-BF4B-00C04F79EFBC}") = "DockerTest", "DockerTest\DockerTest.csproj", "{45A83D94-3282-41F5-9EE6-F5CE6CD1410C}"
EndProject
Project("{E53339B2-1760-4266-BCC7-CA923CBCF16C}") = "docker-compose", "docker-compose.dcproj", "{039F0CD9-BF61-4A01-9D32-22C20BB4B8C5}"
EndProject
Global
	GlobalSection(SolutionConfigurationPlatforms) = preSolution
		Debug|Any CPU = Debug|Any CPU
		Release|Any CPU = Release|Any CPU
	EndGlobalSection
	GlobalSection(ProjectConfigurationPlatforms) = postSolution
		{45A83D94-3282-41F5-9EE6-F5CE6CD1410C}.Debug|Any CPU.ActiveCfg = Debug|Any CPU
		{45A83D94-3282-41F5-9EE6-F5CE6CD1410C}.Debug|Any CPU.Build.0 = Debug|Any CPU
		{45A83D94-3282-41F5-9EE6-F5CE6CD1410C}.Release|Any CPU.ActiveCfg = Release|Any CPU
		{45A83D94-3282-41F5-9EE6-F5CE6CD1410C}.Release|Any CPU.Build.0 = Release|Any CPU
		{039F0CD9-BF61-4A01-9D32-22C20BB4B8C5}.Debug|Any CPU.ActiveCfg = Debug|Any CPU
		{039F0CD9-BF61-4A01-9D32-22C20BB4B8C5}.Debug|Any CPU.Build.0 = Debug|Any CPU
		{039F0CD9-BF61-4A01-9D32-22C20BB4B8C5}.Release|Any CPU.ActiveCfg = Release|Any CPU
		{039F0CD9-BF61-4A01-9D32-22C20BB4B8C5}.Release|Any CPU.Build.0 = Release|Any CPU
	EndGlobalSection
	GlobalSection(SolutionProperties) = preSolution
		HideSolutionNode = FALSE
	EndGlobalSection
EndGlobal
